// !$*UTF8*$!
{
	archiveVersion = 1;
	classes = {
	};
	objectVersion = 48;
	objects = {

/* Begin PBXBuildFile section */
		072D2E2F208D4A5300B10742 /* Attack.swift in Sources */ = {isa = PBXBuildFile; fileRef = 072D2E2E208D4A5300B10742 /* Attack.swift */; };
		0763FECB205C30AC00A0EF72 /* Extensions.swift in Sources */ = {isa = PBXBuildFile; fileRef = 0763FECA205C30AC00A0EF72 /* Extensions.swift */; };
		0763FECD205C30D500A0EF72 /* Storage.swift in Sources */ = {isa = PBXBuildFile; fileRef = 0763FECC205C30D500A0EF72 /* Storage.swift */; };
		0763FECF205C311C00A0EF72 /* NSLayoutConstraint.swift in Sources */ = {isa = PBXBuildFile; fileRef = 0763FECE205C311C00A0EF72 /* NSLayoutConstraint.swift */; };
		0763FED2205C326600A0EF72 /* AuthService.swift in Sources */ = {isa = PBXBuildFile; fileRef = 0763FED1205C326600A0EF72 /* AuthService.swift */; };
		0775536A208DEF6900A105FA /* AttackService.swift in Sources */ = {isa = PBXBuildFile; fileRef = 07755369208DEF6900A105FA /* AttackService.swift */; };
		0775536C208E0B4200A105FA /* AttackTableViewCell.swift in Sources */ = {isa = PBXBuildFile; fileRef = 0775536B208E0B4200A105FA /* AttackTableViewCell.swift */; };
		0775536E208E117E00A105FA /* CollapsibleTableViewHeader.swift in Sources */ = {isa = PBXBuildFile; fileRef = 0775536D208E117E00A105FA /* CollapsibleTableViewHeader.swift */; };
		07755370208E167800A105FA /* AttackArray.swift in Sources */ = {isa = PBXBuildFile; fileRef = 0775536F208E167800A105FA /* AttackArray.swift */; };
		078D1ECB207BD1B700EC535F /* Chat.swift in Sources */ = {isa = PBXBuildFile; fileRef = 078D1ECA207BD1B700EC535F /* Chat.swift */; };
		078D1ECD207BD22F00EC535F /* Message.swift in Sources */ = {isa = PBXBuildFile; fileRef = 078D1ECC207BD22F00EC535F /* Message.swift */; };
		078D1ECF207BD67F00EC535F /* CustomImageVIew.swift in Sources */ = {isa = PBXBuildFile; fileRef = 078D1ECE207BD67F00EC535F /* CustomImageVIew.swift */; };
		078D1ED1207BD76800EC535F /* MessageViewController.swift in Sources */ = {isa = PBXBuildFile; fileRef = 078D1ED0207BD76800EC535F /* MessageViewController.swift */; };
		078D1ED3207BD81900EC535F /* ChatService.swift in Sources */ = {isa = PBXBuildFile; fileRef = 078D1ED2207BD81900EC535F /* ChatService.swift */; };
		07ABC03D207E7A8E00C4D28E /* ChatListCell.swift in Sources */ = {isa = PBXBuildFile; fileRef = 07ABC03C207E7A8E00C4D28E /* ChatListCell.swift */; };
		07ABC03F207E7DDC00C4D28E /* BaseCell.swift in Sources */ = {isa = PBXBuildFile; fileRef = 07ABC03E207E7DDC00C4D28E /* BaseCell.swift */; };
		07ABC041207EA23100C4D28E /* employeeCell.swift in Sources */ = {isa = PBXBuildFile; fileRef = 07ABC040207EA23100C4D28E /* employeeCell.swift */; };
		07ABC043207EA25200C4D28E /* NewChatViewController.swift in Sources */ = {isa = PBXBuildFile; fileRef = 07ABC042207EA25200C4D28E /* NewChatViewController.swift */; };
		07ABC045207EB15B00C4D28E /* ChatViewController.swift in Sources */ = {isa = PBXBuildFile; fileRef = 07ABC044207EB15B00C4D28E /* ChatViewController.swift */; };
		07CAA8B0206945FF00E3DD30 /* HomeViewController.swift in Sources */ = {isa = PBXBuildFile; fileRef = 07CAA8AF206945FF00E3DD30 /* HomeViewController.swift */; };
		07CAA8B22069464A00E3DD30 /* User.swift in Sources */ = {isa = PBXBuildFile; fileRef = 07CAA8B12069464A00E3DD30 /* User.swift */; };
		07CAA8B420694BCB00E3DD30 /* UserService.swift in Sources */ = {isa = PBXBuildFile; fileRef = 07CAA8B320694BCB00E3DD30 /* UserService.swift */; };
		07CAA8B72069510A00E3DD30 /* GraphViewController.swift in Sources */ = {isa = PBXBuildFile; fileRef = 07CAA8B62069510A00E3DD30 /* GraphViewController.swift */; };
		07CAA8BA2069521F00E3DD30 /* ProfileViewController.swift in Sources */ = {isa = PBXBuildFile; fileRef = 07CAA8B92069521F00E3DD30 /* ProfileViewController.swift */; };
		07E271C42059B1DE007F0592 /* AppDelegate.swift in Sources */ = {isa = PBXBuildFile; fileRef = 07E271C32059B1DE007F0592 /* AppDelegate.swift */; };
		07E271C62059B1DE007F0592 /* LoginViewController.swift in Sources */ = {isa = PBXBuildFile; fileRef = 07E271C52059B1DE007F0592 /* LoginViewController.swift */; };
		07E271CB2059B1DE007F0592 /* Assets.xcassets in Resources */ = {isa = PBXBuildFile; fileRef = 07E271CA2059B1DE007F0592 /* Assets.xcassets */; };
		07E271CE2059B1DE007F0592 /* LaunchScreen.storyboard in Resources */ = {isa = PBXBuildFile; fileRef = 07E271CC2059B1DE007F0592 /* LaunchScreen.storyboard */; };
		07E4D26F2092CA1F00321112 /* HoneyPotTests.swift in Sources */ = {isa = PBXBuildFile; fileRef = 07E4D26E2092CA1F00321112 /* HoneyPotTests.swift */; };
		07E4D2772092CA5F00321112 /* LoginTests.swift in Sources */ = {isa = PBXBuildFile; fileRef = 07E4D2762092CA5F00321112 /* LoginTests.swift */; };
		07E4D279209397A600321112 /* LogFileViewController.swift in Sources */ = {isa = PBXBuildFile; fileRef = 07E4D278209397A600321112 /* LogFileViewController.swift */; };
		07E4D27B2093F72D00321112 /* HomeFeedTest.swift in Sources */ = {isa = PBXBuildFile; fileRef = 07E4D27A2093F72D00321112 /* HomeFeedTest.swift */; };
		07E4D27D2093F7AA00321112 /* ChatTest.swift in Sources */ = {isa = PBXBuildFile; fileRef = 07E4D27C2093F7AA00321112 /* ChatTest.swift */; };
		07E4D2802096B8B100321112 /* MapViewController.swift in Sources */ = {isa = PBXBuildFile; fileRef = 07E4D27F2096B8B100321112 /* MapViewController.swift */; };
		07E4D2822096B8C700321112 /* MapKit.framework in Frameworks */ = {isa = PBXBuildFile; fileRef = 07E4D2812096B8C700321112 /* MapKit.framework */; };
		07E4D2842096C23700321112 /* PinAnnotation.swift in Sources */ = {isa = PBXBuildFile; fileRef = 07E4D2832096C23700321112 /* PinAnnotation.swift */; };
		07E4D2872096E3C100321112 /* GoogleService-Info.plist in Resources */ = {isa = PBXBuildFile; fileRef = 07E4D2862096E3C100321112 /* GoogleService-Info.plist */; };
		2A17A85BD9F0D6B9ED0E9F86 /* Pods_HoneyPot.framework in Frameworks */ = {isa = PBXBuildFile; fileRef = 6D749DF1877AED69B3C2FBF7 /* Pods_HoneyPot.framework */; };
/* End PBXBuildFile section */

/* Begin PBXContainerItemProxy section */
		07E4D2712092CA1F00321112 /* PBXContainerItemProxy */ = {
			isa = PBXContainerItemProxy;
			containerPortal = 07E271B82059B1DE007F0592 /* Project object */;
			proxyType = 1;
			remoteGlobalIDString = 07E271BF2059B1DE007F0592;
			remoteInfo = HoneyPot;
		};
/* End PBXContainerItemProxy section */

/* Begin PBXFileReference section */
		072D2E2E208D4A5300B10742 /* Attack.swift */ = {isa = PBXFileReference; lastKnownFileType = sourcecode.swift; path = Attack.swift; sourceTree = "<group>"; };
		0763FECA205C30AC00A0EF72 /* Extensions.swift */ = {isa = PBXFileReference; lastKnownFileType = sourcecode.swift; path = Extensions.swift; sourceTree = "<group>"; };
		0763FECC205C30D500A0EF72 /* Storage.swift */ = {isa = PBXFileReference; lastKnownFileType = sourcecode.swift; path = Storage.swift; sourceTree = "<group>"; };
		0763FECE205C311C00A0EF72 /* NSLayoutConstraint.swift */ = {isa = PBXFileReference; lastKnownFileType = sourcecode.swift; path = NSLayoutConstraint.swift; sourceTree = "<group>"; };
		0763FED1205C326600A0EF72 /* AuthService.swift */ = {isa = PBXFileReference; lastKnownFileType = sourcecode.swift; path = AuthService.swift; sourceTree = "<group>"; };
		07755369208DEF6900A105FA /* AttackService.swift */ = {isa = PBXFileReference; lastKnownFileType = sourcecode.swift; path = AttackService.swift; sourceTree = "<group>"; };
		0775536B208E0B4200A105FA /* AttackTableViewCell.swift */ = {isa = PBXFileReference; lastKnownFileType = sourcecode.swift; path = AttackTableViewCell.swift; sourceTree = "<group>"; };
		0775536D208E117E00A105FA /* CollapsibleTableViewHeader.swift */ = {isa = PBXFileReference; lastKnownFileType = sourcecode.swift; path = CollapsibleTableViewHeader.swift; sourceTree = "<group>"; };
		0775536F208E167800A105FA /* AttackArray.swift */ = {isa = PBXFileReference; lastKnownFileType = sourcecode.swift; path = AttackArray.swift; sourceTree = "<group>"; };
		078D1ECA207BD1B700EC535F /* Chat.swift */ = {isa = PBXFileReference; lastKnownFileType = sourcecode.swift; path = Chat.swift; sourceTree = "<group>"; };
		078D1ECC207BD22F00EC535F /* Message.swift */ = {isa = PBXFileReference; lastKnownFileType = sourcecode.swift; path = Message.swift; sourceTree = "<group>"; };
		078D1ECE207BD67F00EC535F /* CustomImageVIew.swift */ = {isa = PBXFileReference; lastKnownFileType = sourcecode.swift; path = CustomImageVIew.swift; sourceTree = "<group>"; };
		078D1ED0207BD76800EC535F /* MessageViewController.swift */ = {isa = PBXFileReference; lastKnownFileType = sourcecode.swift; path = MessageViewController.swift; sourceTree = "<group>"; };
		078D1ED2207BD81900EC535F /* ChatService.swift */ = {isa = PBXFileReference; lastKnownFileType = sourcecode.swift; path = ChatService.swift; sourceTree = "<group>"; };
		07ABC03C207E7A8E00C4D28E /* ChatListCell.swift */ = {isa = PBXFileReference; lastKnownFileType = sourcecode.swift; path = ChatListCell.swift; sourceTree = "<group>"; };
		07ABC03E207E7DDC00C4D28E /* BaseCell.swift */ = {isa = PBXFileReference; lastKnownFileType = sourcecode.swift; path = BaseCell.swift; sourceTree = "<group>"; };
		07ABC040207EA23100C4D28E /* employeeCell.swift */ = {isa = PBXFileReference; lastKnownFileType = sourcecode.swift; path = employeeCell.swift; sourceTree = "<group>"; };
		07ABC042207EA25200C4D28E /* NewChatViewController.swift */ = {isa = PBXFileReference; lastKnownFileType = sourcecode.swift; path = NewChatViewController.swift; sourceTree = "<group>"; };
		07ABC044207EB15B00C4D28E /* ChatViewController.swift */ = {isa = PBXFileReference; lastKnownFileType = sourcecode.swift; path = ChatViewController.swift; sourceTree = "<group>"; };
		07CAA8AF206945FF00E3DD30 /* HomeViewController.swift */ = {isa = PBXFileReference; lastKnownFileType = sourcecode.swift; path = HomeViewController.swift; sourceTree = "<group>"; };
		07CAA8B12069464A00E3DD30 /* User.swift */ = {isa = PBXFileReference; lastKnownFileType = sourcecode.swift; path = User.swift; sourceTree = "<group>"; };
		07CAA8B320694BCB00E3DD30 /* UserService.swift */ = {isa = PBXFileReference; lastKnownFileType = sourcecode.swift; path = UserService.swift; sourceTree = "<group>"; };
		07CAA8B62069510A00E3DD30 /* GraphViewController.swift */ = {isa = PBXFileReference; lastKnownFileType = sourcecode.swift; path = GraphViewController.swift; sourceTree = "<group>"; };
		07CAA8B92069521F00E3DD30 /* ProfileViewController.swift */ = {isa = PBXFileReference; lastKnownFileType = sourcecode.swift; path = ProfileViewController.swift; sourceTree = "<group>"; };
		07E271C02059B1DE007F0592 /* HoneyPot.app */ = {isa = PBXFileReference; explicitFileType = wrapper.application; includeInIndex = 0; path = HoneyPot.app; sourceTree = BUILT_PRODUCTS_DIR; };
		07E271C32059B1DE007F0592 /* AppDelegate.swift */ = {isa = PBXFileReference; lastKnownFileType = sourcecode.swift; path = AppDelegate.swift; sourceTree = "<group>"; };
		07E271C52059B1DE007F0592 /* LoginViewController.swift */ = {isa = PBXFileReference; lastKnownFileType = sourcecode.swift; path = LoginViewController.swift; sourceTree = "<group>"; };
		07E271CA2059B1DE007F0592 /* Assets.xcassets */ = {isa = PBXFileReference; lastKnownFileType = folder.assetcatalog; path = Assets.xcassets; sourceTree = "<group>"; };
		07E271CD2059B1DE007F0592 /* Base */ = {isa = PBXFileReference; lastKnownFileType = file.storyboard; name = Base; path = Base.lproj/LaunchScreen.storyboard; sourceTree = "<group>"; };
		07E271CF2059B1DE007F0592 /* Info.plist */ = {isa = PBXFileReference; lastKnownFileType = text.plist.xml; path = Info.plist; sourceTree = "<group>"; };
		07E4D26C2092CA1E00321112 /* HoneyPotTests.xctest */ = {isa = PBXFileReference; explicitFileType = wrapper.cfbundle; includeInIndex = 0; path = HoneyPotTests.xctest; sourceTree = BUILT_PRODUCTS_DIR; };
		07E4D26E2092CA1F00321112 /* HoneyPotTests.swift */ = {isa = PBXFileReference; lastKnownFileType = sourcecode.swift; path = HoneyPotTests.swift; sourceTree = "<group>"; };
		07E4D2702092CA1F00321112 /* Info.plist */ = {isa = PBXFileReference; lastKnownFileType = text.plist.xml; path = Info.plist; sourceTree = "<group>"; };
		07E4D2762092CA5F00321112 /* LoginTests.swift */ = {isa = PBXFileReference; lastKnownFileType = sourcecode.swift; path = LoginTests.swift; sourceTree = "<group>"; };
		07E4D278209397A600321112 /* LogFileViewController.swift */ = {isa = PBXFileReference; lastKnownFileType = sourcecode.swift; path = LogFileViewController.swift; sourceTree = "<group>"; };
		07E4D27A2093F72D00321112 /* HomeFeedTest.swift */ = {isa = PBXFileReference; lastKnownFileType = sourcecode.swift; path = HomeFeedTest.swift; sourceTree = "<group>"; };
		07E4D27C2093F7AA00321112 /* ChatTest.swift */ = {isa = PBXFileReference; lastKnownFileType = sourcecode.swift; path = ChatTest.swift; sourceTree = "<group>"; };
		07E4D27F2096B8B100321112 /* MapViewController.swift */ = {isa = PBXFileReference; lastKnownFileType = sourcecode.swift; path = MapViewController.swift; sourceTree = "<group>"; };
		07E4D2812096B8C700321112 /* MapKit.framework */ = {isa = PBXFileReference; lastKnownFileType = wrapper.framework; name = MapKit.framework; path = System/Library/Frameworks/MapKit.framework; sourceTree = SDKROOT; };
		07E4D2832096C23700321112 /* PinAnnotation.swift */ = {isa = PBXFileReference; lastKnownFileType = sourcecode.swift; path = PinAnnotation.swift; sourceTree = "<group>"; };
		07E4D2852096DE0E00321112 /* HoneyPot.entitlements */ = {isa = PBXFileReference; lastKnownFileType = text.plist.entitlements; path = HoneyPot.entitlements; sourceTree = "<group>"; };
		07E4D2862096E3C100321112 /* GoogleService-Info.plist */ = {isa = PBXFileReference; fileEncoding = 4; lastKnownFileType = text.plist.xml; path = "GoogleService-Info.plist"; sourceTree = "<group>"; };
		32D455F8EBC93C63711E6573 /* Pods-HoneyPot.release.xcconfig */ = {isa = PBXFileReference; includeInIndex = 1; lastKnownFileType = text.xcconfig; name = "Pods-HoneyPot.release.xcconfig"; path = "Pods/Target Support Files/Pods-HoneyPot/Pods-HoneyPot.release.xcconfig"; sourceTree = "<group>"; };
		6D749DF1877AED69B3C2FBF7 /* Pods_HoneyPot.framework */ = {isa = PBXFileReference; explicitFileType = wrapper.framework; includeInIndex = 0; path = Pods_HoneyPot.framework; sourceTree = BUILT_PRODUCTS_DIR; };
		DCD1AF315014461AE53B1BAF /* Pods-HoneyPot.debug.xcconfig */ = {isa = PBXFileReference; includeInIndex = 1; lastKnownFileType = text.xcconfig; name = "Pods-HoneyPot.debug.xcconfig"; path = "Pods/Target Support Files/Pods-HoneyPot/Pods-HoneyPot.debug.xcconfig"; sourceTree = "<group>"; };
/* End PBXFileReference section */

/* Begin PBXFrameworksBuildPhase section */
		07E271BD2059B1DE007F0592 /* Frameworks */ = {
			isa = PBXFrameworksBuildPhase;
			buildActionMask = 2147483647;
			files = (
				07E4D2822096B8C700321112 /* MapKit.framework in Frameworks */,
				2A17A85BD9F0D6B9ED0E9F86 /* Pods_HoneyPot.framework in Frameworks */,
			);
			runOnlyForDeploymentPostprocessing = 0;
		};
		07E4D2692092CA1E00321112 /* Frameworks */ = {
			isa = PBXFrameworksBuildPhase;
			buildActionMask = 2147483647;
			files = (
			);
			runOnlyForDeploymentPostprocessing = 0;
		};
/* End PBXFrameworksBuildPhase section */

/* Begin PBXGroup section */
		0187CB5FDAC820D5309FBA2F /* Frameworks */ = {
			isa = PBXGroup;
			children = (
				07E4D2812096B8C700321112 /* MapKit.framework */,
				6D749DF1877AED69B3C2FBF7 /* Pods_HoneyPot.framework */,
			);
			name = Frameworks;
			sourceTree = "<group>";
		};
		0763FEC9205C307A00A0EF72 /* Extensions */ = {
			isa = PBXGroup;
			children = (
				0763FECA205C30AC00A0EF72 /* Extensions.swift */,
				0763FECC205C30D500A0EF72 /* Storage.swift */,
				0763FECE205C311C00A0EF72 /* NSLayoutConstraint.swift */,
				078D1ECE207BD67F00EC535F /* CustomImageVIew.swift */,
			);
			path = Extensions;
			sourceTree = "<group>";
		};
		0763FED0205C323500A0EF72 /* Services */ = {
			isa = PBXGroup;
			children = (
				0763FED1205C326600A0EF72 /* AuthService.swift */,
				07CAA8B320694BCB00E3DD30 /* UserService.swift */,
				078D1ED2207BD81900EC535F /* ChatService.swift */,
				07755369208DEF6900A105FA /* AttackService.swift */,
			);
			path = Services;
			sourceTree = "<group>";
		};
		07CAA8AB206944FD00E3DD30 /* Login */ = {
			isa = PBXGroup;
			children = (
				07E271C52059B1DE007F0592 /* LoginViewController.swift */,
			);
			path = Login;
			sourceTree = "<group>";
		};
		07CAA8AD206945BA00E3DD30 /* RootView */ = {
			isa = PBXGroup;
			children = (
				07CAA8AF206945FF00E3DD30 /* HomeViewController.swift */,
			);
			path = RootView;
			sourceTree = "<group>";
		};
		07CAA8AE206945D700E3DD30 /* Models */ = {
			isa = PBXGroup;
			children = (
				07CAA8B12069464A00E3DD30 /* User.swift */,
				078D1ECA207BD1B700EC535F /* Chat.swift */,
				078D1ECC207BD22F00EC535F /* Message.swift */,
				072D2E2E208D4A5300B10742 /* Attack.swift */,
				0775536F208E167800A105FA /* AttackArray.swift */,
			);
			path = Models;
			sourceTree = "<group>";
		};
		07CAA8B5206950F000E3DD30 /* Graphs */ = {
			isa = PBXGroup;
			children = (
				07CAA8B62069510A00E3DD30 /* GraphViewController.swift */,
				0775536B208E0B4200A105FA /* AttackTableViewCell.swift */,
				0775536D208E117E00A105FA /* CollapsibleTableViewHeader.swift */,
				07E4D278209397A600321112 /* LogFileViewController.swift */,
			);
			path = Graphs;
			sourceTree = "<group>";
		};
		07CAA8B82069520500E3DD30 /* Profile */ = {
			isa = PBXGroup;
			children = (
				07CAA8B92069521F00E3DD30 /* ProfileViewController.swift */,
			);
			path = Profile;
			sourceTree = "<group>";
		};
		07CAA8BB2069522500E3DD30 /* Message */ = {
			isa = PBXGroup;
			children = (
				078D1ED0207BD76800EC535F /* MessageViewController.swift */,
				07ABC03C207E7A8E00C4D28E /* ChatListCell.swift */,
				07ABC03E207E7DDC00C4D28E /* BaseCell.swift */,
				07ABC040207EA23100C4D28E /* employeeCell.swift */,
				07ABC042207EA25200C4D28E /* NewChatViewController.swift */,
				07ABC044207EB15B00C4D28E /* ChatViewController.swift */,
			);
			path = Message;
			sourceTree = "<group>";
		};
		07E271B72059B1DE007F0592 = {
			isa = PBXGroup;
			children = (
				07E271C22059B1DE007F0592 /* HoneyPot */,
				07E4D26D2092CA1F00321112 /* HoneyPotTests */,
				07E271C12059B1DE007F0592 /* Products */,
				9B477D5C820A2DE0A99A95D9 /* Pods */,
				0187CB5FDAC820D5309FBA2F /* Frameworks */,
			);
			sourceTree = "<group>";
		};
		07E271C12059B1DE007F0592 /* Products */ = {
			isa = PBXGroup;
			children = (
				07E271C02059B1DE007F0592 /* HoneyPot.app */,
				07E4D26C2092CA1E00321112 /* HoneyPotTests.xctest */,
			);
			name = Products;
			sourceTree = "<group>";
		};
		07E271C22059B1DE007F0592 /* HoneyPot */ = {
			isa = PBXGroup;
			children = (
				07E4D2852096DE0E00321112 /* HoneyPot.entitlements */,
				07E4D27E2096B86900321112 /* Map */,
				07CAA8BB2069522500E3DD30 /* Message */,
				07CAA8B82069520500E3DD30 /* Profile */,
				07CAA8B5206950F000E3DD30 /* Graphs */,
				07CAA8AE206945D700E3DD30 /* Models */,
				07CAA8AD206945BA00E3DD30 /* RootView */,
				07CAA8AB206944FD00E3DD30 /* Login */,
				0763FED0205C323500A0EF72 /* Services */,
				0763FEC9205C307A00A0EF72 /* Extensions */,
				07E271C32059B1DE007F0592 /* AppDelegate.swift */,
				07E271CA2059B1DE007F0592 /* Assets.xcassets */,
				07E271CC2059B1DE007F0592 /* LaunchScreen.storyboard */,
				07E4D2862096E3C100321112 /* GoogleService-Info.plist */,
				07E271CF2059B1DE007F0592 /* Info.plist */,
			);
			path = HoneyPot;
			sourceTree = "<group>";
		};
		07E4D26D2092CA1F00321112 /* HoneyPotTests */ = {
			isa = PBXGroup;
			children = (
				07E4D27C2093F7AA00321112 /* ChatTest.swift */,
				07E4D27A2093F72D00321112 /* HomeFeedTest.swift */,
				07E4D26E2092CA1F00321112 /* HoneyPotTests.swift */,
				07E4D2702092CA1F00321112 /* Info.plist */,
				07E4D2762092CA5F00321112 /* LoginTests.swift */,
			);
			path = HoneyPotTests;
			sourceTree = "<group>";
		};
		07E4D27E2096B86900321112 /* Map */ = {
			isa = PBXGroup;
			children = (
				07E4D27F2096B8B100321112 /* MapViewController.swift */,
				07E4D2832096C23700321112 /* PinAnnotation.swift */,
			);
			path = Map;
			sourceTree = "<group>";
		};
		9B477D5C820A2DE0A99A95D9 /* Pods */ = {
			isa = PBXGroup;
			children = (
				DCD1AF315014461AE53B1BAF /* Pods-HoneyPot.debug.xcconfig */,
				32D455F8EBC93C63711E6573 /* Pods-HoneyPot.release.xcconfig */,
			);
			name = Pods;
			sourceTree = "<group>";
		};
/* End PBXGroup section */

/* Begin PBXNativeTarget section */
		07E271BF2059B1DE007F0592 /* HoneyPot */ = {
			isa = PBXNativeTarget;
			buildConfigurationList = 07E271D22059B1DE007F0592 /* Build configuration list for PBXNativeTarget "HoneyPot" */;
			buildPhases = (
				DC4A6A24F9AC8A3F6120F3FE /* [CP] Check Pods Manifest.lock */,
				07E271BC2059B1DE007F0592 /* Sources */,
				07E271BD2059B1DE007F0592 /* Frameworks */,
				07E271BE2059B1DE007F0592 /* Resources */,
				39FFD42685ED9E937334F20C /* [CP] Embed Pods Frameworks */,
				AB8D6DC20701CE90CCC6027C /* [CP] Copy Pods Resources */,
			);
			buildRules = (
			);
			dependencies = (
			);
			name = HoneyPot;
			productName = HoneyPot;
			productReference = 07E271C02059B1DE007F0592 /* HoneyPot.app */;
			productType = "com.apple.product-type.application";
		};
		07E4D26B2092CA1E00321112 /* HoneyPotTests */ = {
			isa = PBXNativeTarget;
			buildConfigurationList = 07E4D2732092CA1F00321112 /* Build configuration list for PBXNativeTarget "HoneyPotTests" */;
			buildPhases = (
				07E4D2682092CA1E00321112 /* Sources */,
				07E4D2692092CA1E00321112 /* Frameworks */,
				07E4D26A2092CA1E00321112 /* Resources */,
			);
			buildRules = (
			);
			dependencies = (
				07E4D2722092CA1F00321112 /* PBXTargetDependency */,
			);
			name = HoneyPotTests;
			productName = HoneyPotTests;
			productReference = 07E4D26C2092CA1E00321112 /* HoneyPotTests.xctest */;
			productType = "com.apple.product-type.bundle.unit-test";
		};
/* End PBXNativeTarget section */

/* Begin PBXProject section */
		07E271B82059B1DE007F0592 /* Project object */ = {
			isa = PBXProject;
			attributes = {
				LastSwiftUpdateCheck = 0920;
				LastUpgradeCheck = 0920;
				ORGANIZATIONNAME = HoneyPot;
				TargetAttributes = {
					07E271BF2059B1DE007F0592 = {
						CreatedOnToolsVersion = 9.2;
						ProvisioningStyle = Automatic;
						SystemCapabilities = {
							com.apple.Maps.iOS = {
								enabled = 1;
							};
							com.apple.Push = {
								enabled = 1;
							};
						};
					};
					07E4D26B2092CA1E00321112 = {
						CreatedOnToolsVersion = 9.2;
						ProvisioningStyle = Automatic;
						TestTargetID = 07E271BF2059B1DE007F0592;
					};
				};
			};
			buildConfigurationList = 07E271BB2059B1DE007F0592 /* Build configuration list for PBXProject "HoneyPot" */;
			compatibilityVersion = "Xcode 8.0";
			developmentRegion = en;
			hasScannedForEncodings = 0;
			knownRegions = (
				en,
				Base,
			);
			mainGroup = 07E271B72059B1DE007F0592;
			productRefGroup = 07E271C12059B1DE007F0592 /* Products */;
			projectDirPath = "";
			projectRoot = "";
			targets = (
				07E271BF2059B1DE007F0592 /* HoneyPot */,
				07E4D26B2092CA1E00321112 /* HoneyPotTests */,
			);
		};
/* End PBXProject section */

/* Begin PBXResourcesBuildPhase section */
		07E271BE2059B1DE007F0592 /* Resources */ = {
			isa = PBXResourcesBuildPhase;
			buildActionMask = 2147483647;
			files = (
				07E271CE2059B1DE007F0592 /* LaunchScreen.storyboard in Resources */,
				07E271CB2059B1DE007F0592 /* Assets.xcassets in Resources */,
				07E4D2872096E3C100321112 /* GoogleService-Info.plist in Resources */,
			);
			runOnlyForDeploymentPostprocessing = 0;
		};
		07E4D26A2092CA1E00321112 /* Resources */ = {
			isa = PBXResourcesBuildPhase;
			buildActionMask = 2147483647;
			files = (
			);
			runOnlyForDeploymentPostprocessing = 0;
		};
/* End PBXResourcesBuildPhase section */

/* Begin PBXShellScriptBuildPhase section */
		39FFD42685ED9E937334F20C /* [CP] Embed Pods Frameworks */ = {
			isa = PBXShellScriptBuildPhase;
			buildActionMask = 2147483647;
			files = (
			);
			inputPaths = (
				"${SRCROOT}/Pods/Target Support Files/Pods-HoneyPot/Pods-HoneyPot-frameworks.sh",
				"${BUILT_PRODUCTS_DIR}/Alamofire/Alamofire.framework",
				"${BUILT_PRODUCTS_DIR}/AlamofireImage/AlamofireImage.framework",
				"${BUILT_PRODUCTS_DIR}/AlamofireNetworkActivityIndicator/AlamofireNetworkActivityIndicator.framework",
				"${BUILT_PRODUCTS_DIR}/Charts/Charts.framework",
				"${BUILT_PRODUCTS_DIR}/GTMSessionFetcher/GTMSessionFetcher.framework",
				"${BUILT_PRODUCTS_DIR}/GoogleToolboxForMac/GoogleToolboxForMac.framework",
				"${BUILT_PRODUCTS_DIR}/IGListKit/IGListKit.framework",
				"${BUILT_PRODUCTS_DIR}/JSQMessagesViewController/JSQMessagesViewController.framework",
				"${BUILT_PRODUCTS_DIR}/JSQSystemSoundPlayer/JSQSystemSoundPlayer.framework",
				"${BUILT_PRODUCTS_DIR}/Protobuf/Protobuf.framework",
				"${BUILT_PRODUCTS_DIR}/SVProgressHUD/SVProgressHUD.framework",
				"${BUILT_PRODUCTS_DIR}/SnapKit/SnapKit.framework",
				"${BUILT_PRODUCTS_DIR}/SwiftyJSON/SwiftyJSON.framework",
				"${BUILT_PRODUCTS_DIR}/TextFieldEffects/TextFieldEffects.framework",
				"${BUILT_PRODUCTS_DIR}/TwicketSegmentedControl/TwicketSegmentedControl.framework",
				"${BUILT_PRODUCTS_DIR}/leveldb-library/leveldb.framework",
				"${BUILT_PRODUCTS_DIR}/nanopb/nanopb.framework",
			);
			name = "[CP] Embed Pods Frameworks";
			outputPaths = (
				"${TARGET_BUILD_DIR}/${FRAMEWORKS_FOLDER_PATH}/Alamofire.framework",
				"${TARGET_BUILD_DIR}/${FRAMEWORKS_FOLDER_PATH}/AlamofireImage.framework",
				"${TARGET_BUILD_DIR}/${FRAMEWORKS_FOLDER_PATH}/AlamofireNetworkActivityIndicator.framework",
				"${TARGET_BUILD_DIR}/${FRAMEWORKS_FOLDER_PATH}/Charts.framework",
				"${TARGET_BUILD_DIR}/${FRAMEWORKS_FOLDER_PATH}/GTMSessionFetcher.framework",
				"${TARGET_BUILD_DIR}/${FRAMEWORKS_FOLDER_PATH}/GoogleToolboxForMac.framework",
				"${TARGET_BUILD_DIR}/${FRAMEWORKS_FOLDER_PATH}/IGListKit.framework",
				"${TARGET_BUILD_DIR}/${FRAMEWORKS_FOLDER_PATH}/JSQMessagesViewController.framework",
				"${TARGET_BUILD_DIR}/${FRAMEWORKS_FOLDER_PATH}/JSQSystemSoundPlayer.framework",
				"${TARGET_BUILD_DIR}/${FRAMEWORKS_FOLDER_PATH}/Protobuf.framework",
				"${TARGET_BUILD_DIR}/${FRAMEWORKS_FOLDER_PATH}/SVProgressHUD.framework",
				"${TARGET_BUILD_DIR}/${FRAMEWORKS_FOLDER_PATH}/SnapKit.framework",
				"${TARGET_BUILD_DIR}/${FRAMEWORKS_FOLDER_PATH}/SwiftyJSON.framework",
				"${TARGET_BUILD_DIR}/${FRAMEWORKS_FOLDER_PATH}/TextFieldEffects.framework",
				"${TARGET_BUILD_DIR}/${FRAMEWORKS_FOLDER_PATH}/TwicketSegmentedControl.framework",
				"${TARGET_BUILD_DIR}/${FRAMEWORKS_FOLDER_PATH}/leveldb.framework",
				"${TARGET_BUILD_DIR}/${FRAMEWORKS_FOLDER_PATH}/nanopb.framework",
			);
			runOnlyForDeploymentPostprocessing = 0;
			shellPath = /bin/sh;
			shellScript = "\"${SRCROOT}/Pods/Target Support Files/Pods-HoneyPot/Pods-HoneyPot-frameworks.sh\"\n";
			showEnvVarsInLog = 0;
		};
		AB8D6DC20701CE90CCC6027C /* [CP] Copy Pods Resources */ = {
			isa = PBXShellScriptBuildPhase;
			buildActionMask = 2147483647;
			files = (
			);
			inputPaths = (
				"${SRCROOT}/Pods/Target Support Files/Pods-HoneyPot/Pods-HoneyPot-resources.sh",
				"${PODS_ROOT}/GoogleMaps/Maps/Frameworks/GoogleMaps.framework/Resources/GoogleMaps.bundle",
				"${PODS_ROOT}/GooglePlaces/Frameworks/GooglePlaces.framework/Resources/GooglePlaces.bundle",
			);
			name = "[CP] Copy Pods Resources";
			outputPaths = (
				"${TARGET_BUILD_DIR}/${UNLOCALIZED_RESOURCES_FOLDER_PATH}/GoogleMaps.bundle",
				"${TARGET_BUILD_DIR}/${UNLOCALIZED_RESOURCES_FOLDER_PATH}/GooglePlaces.bundle",
			);
			runOnlyForDeploymentPostprocessing = 0;
			shellPath = /bin/sh;
			shellScript = "\"${SRCROOT}/Pods/Target Support Files/Pods-HoneyPot/Pods-HoneyPot-resources.sh\"\n";
			showEnvVarsInLog = 0;
		};
		DC4A6A24F9AC8A3F6120F3FE /* [CP] Check Pods Manifest.lock */ = {
			isa = PBXShellScriptBuildPhase;
			buildActionMask = 2147483647;
			files = (
			);
			inputPaths = (
				"${PODS_PODFILE_DIR_PATH}/Podfile.lock",
				"${PODS_ROOT}/Manifest.lock",
			);
			name = "[CP] Check Pods Manifest.lock";
			outputPaths = (
				"$(DERIVED_FILE_DIR)/Pods-HoneyPot-checkManifestLockResult.txt",
			);
			runOnlyForDeploymentPostprocessing = 0;
			shellPath = /bin/sh;
			shellScript = "diff \"${PODS_PODFILE_DIR_PATH}/Podfile.lock\" \"${PODS_ROOT}/Manifest.lock\" > /dev/null\nif [ $? != 0 ] ; then\n    # print error to STDERR\n    echo \"error: The sandbox is not in sync with the Podfile.lock. Run 'pod install' or update your CocoaPods installation.\" >&2\n    exit 1\nfi\n# This output is used by Xcode 'outputs' to avoid re-running this script phase.\necho \"SUCCESS\" > \"${SCRIPT_OUTPUT_FILE_0}\"\n";
			showEnvVarsInLog = 0;
		};
/* End PBXShellScriptBuildPhase section */

/* Begin PBXSourcesBuildPhase section */
		07E271BC2059B1DE007F0592 /* Sources */ = {
			isa = PBXSourcesBuildPhase;
			buildActionMask = 2147483647;
			files = (
				078D1ECB207BD1B700EC535F /* Chat.swift in Sources */,
				07E271C62059B1DE007F0592 /* LoginViewController.swift in Sources */,
				078D1ECF207BD67F00EC535F /* CustomImageVIew.swift in Sources */,
				07E4D279209397A600321112 /* LogFileViewController.swift in Sources */,
				07CAA8B72069510A00E3DD30 /* GraphViewController.swift in Sources */,
				07ABC03F207E7DDC00C4D28E /* BaseCell.swift in Sources */,
				0775536E208E117E00A105FA /* CollapsibleTableViewHeader.swift in Sources */,
				078D1ED1207BD76800EC535F /* MessageViewController.swift in Sources */,
				0763FECD205C30D500A0EF72 /* Storage.swift in Sources */,
				07E4D2842096C23700321112 /* PinAnnotation.swift in Sources */,
				0775536A208DEF6900A105FA /* AttackService.swift in Sources */,
				07CAA8B420694BCB00E3DD30 /* UserService.swift in Sources */,
				0763FECB205C30AC00A0EF72 /* Extensions.swift in Sources */,
				0763FED2205C326600A0EF72 /* AuthService.swift in Sources */,
				07ABC045207EB15B00C4D28E /* ChatViewController.swift in Sources */,
				07755370208E167800A105FA /* AttackArray.swift in Sources */,
				07CAA8BA2069521F00E3DD30 /* ProfileViewController.swift in Sources */,
				07CAA8B22069464A00E3DD30 /* User.swift in Sources */,
				07E271C42059B1DE007F0592 /* AppDelegate.swift in Sources */,
				07CAA8B0206945FF00E3DD30 /* HomeViewController.swift in Sources */,
				072D2E2F208D4A5300B10742 /* Attack.swift in Sources */,
				078D1ED3207BD81900EC535F /* ChatService.swift in Sources */,
				07ABC041207EA23100C4D28E /* employeeCell.swift in Sources */,
				07ABC03D207E7A8E00C4D28E /* ChatListCell.swift in Sources */,
				0763FECF205C311C00A0EF72 /* NSLayoutConstraint.swift in Sources */,
				078D1ECD207BD22F00EC535F /* Message.swift in Sources */,
				07ABC043207EA25200C4D28E /* NewChatViewController.swift in Sources */,
				0775536C208E0B4200A105FA /* AttackTableViewCell.swift in Sources */,
				07E4D2802096B8B100321112 /* MapViewController.swift in Sources */,
			);
			runOnlyForDeploymentPostprocessing = 0;
		};
		07E4D2682092CA1E00321112 /* Sources */ = {
			isa = PBXSourcesBuildPhase;
			buildActionMask = 2147483647;
			files = (
				07E4D26F2092CA1F00321112 /* HoneyPotTests.swift in Sources */,
				07E4D27D2093F7AA00321112 /* ChatTest.swift in Sources */,
				07E4D2772092CA5F00321112 /* LoginTests.swift in Sources */,
				07E4D27B2093F72D00321112 /* HomeFeedTest.swift in Sources */,
			);
			runOnlyForDeploymentPostprocessing = 0;
		};
/* End PBXSourcesBuildPhase section */

/* Begin PBXTargetDependency section */
		07E4D2722092CA1F00321112 /* PBXTargetDependency */ = {
			isa = PBXTargetDependency;
			target = 07E271BF2059B1DE007F0592 /* HoneyPot */;
			targetProxy = 07E4D2712092CA1F00321112 /* PBXContainerItemProxy */;
		};
/* End PBXTargetDependency section */

/* Begin PBXVariantGroup section */
		07E271CC2059B1DE007F0592 /* LaunchScreen.storyboard */ = {
			isa = PBXVariantGroup;
			children = (
				07E271CD2059B1DE007F0592 /* Base */,
			);
			name = LaunchScreen.storyboard;
			sourceTree = "<group>";
		};
/* End PBXVariantGroup section */

/* Begin XCBuildConfiguration section */
		07E271D02059B1DE007F0592 /* Debug */ = {
			isa = XCBuildConfiguration;
			buildSettings = {
				ALWAYS_SEARCH_USER_PATHS = NO;
				CLANG_ANALYZER_NONNULL = YES;
				CLANG_ANALYZER_NUMBER_OBJECT_CONVERSION = YES_AGGRESSIVE;
				CLANG_CXX_LANGUAGE_STANDARD = "gnu++14";
				CLANG_CXX_LIBRARY = "libc++";
				CLANG_ENABLE_MODULES = YES;
				CLANG_ENABLE_OBJC_ARC = YES;
				CLANG_WARN_BLOCK_CAPTURE_AUTORELEASING = YES;
				CLANG_WARN_BOOL_CONVERSION = YES;
				CLANG_WARN_COMMA = YES;
				CLANG_WARN_CONSTANT_CONVERSION = YES;
				CLANG_WARN_DIRECT_OBJC_ISA_USAGE = YES_ERROR;
				CLANG_WARN_DOCUMENTATION_COMMENTS = YES;
				CLANG_WARN_EMPTY_BODY = YES;
				CLANG_WARN_ENUM_CONVERSION = YES;
				CLANG_WARN_INFINITE_RECURSION = YES;
				CLANG_WARN_INT_CONVERSION = YES;
				CLANG_WARN_NON_LITERAL_NULL_CONVERSION = YES;
				CLANG_WARN_OBJC_LITERAL_CONVERSION = YES;
				CLANG_WARN_OBJC_ROOT_CLASS = YES_ERROR;
				CLANG_WARN_RANGE_LOOP_ANALYSIS = YES;
				CLANG_WARN_STRICT_PROTOTYPES = YES;
				CLANG_WARN_SUSPICIOUS_MOVE = YES;
				CLANG_WARN_UNGUARDED_AVAILABILITY = YES_AGGRESSIVE;
				CLANG_WARN_UNREACHABLE_CODE = YES;
				CLANG_WARN__DUPLICATE_METHOD_MATCH = YES;
				CODE_SIGN_IDENTITY = "iPhone Developer";
				COPY_PHASE_STRIP = NO;
				DEBUG_INFORMATION_FORMAT = dwarf;
				ENABLE_STRICT_OBJC_MSGSEND = YES;
				ENABLE_TESTABILITY = YES;
				GCC_C_LANGUAGE_STANDARD = gnu11;
				GCC_DYNAMIC_NO_PIC = NO;
				GCC_NO_COMMON_BLOCKS = YES;
				GCC_OPTIMIZATION_LEVEL = 0;
				GCC_PREPROCESSOR_DEFINITIONS = (
					"DEBUG=1",
					"$(inherited)",
				);
				GCC_WARN_64_TO_32_BIT_CONVERSION = YES;
				GCC_WARN_ABOUT_RETURN_TYPE = YES_ERROR;
				GCC_WARN_UNDECLARED_SELECTOR = YES;
				GCC_WARN_UNINITIALIZED_AUTOS = YES_AGGRESSIVE;
				GCC_WARN_UNUSED_FUNCTION = YES;
				GCC_WARN_UNUSED_VARIABLE = YES;
				IPHONEOS_DEPLOYMENT_TARGET = 11.2;
				MTL_ENABLE_DEBUG_INFO = YES;
				ONLY_ACTIVE_ARCH = YES;
				SDKROOT = iphoneos;
				SWIFT_ACTIVE_COMPILATION_CONDITIONS = DEBUG;
				SWIFT_OPTIMIZATION_LEVEL = "-Onone";
			};
			name = Debug;
		};
		07E271D12059B1DE007F0592 /* Release */ = {
			isa = XCBuildConfiguration;
			buildSettings = {
				ALWAYS_SEARCH_USER_PATHS = NO;
				CLANG_ANALYZER_NONNULL = YES;
				CLANG_ANALYZER_NUMBER_OBJECT_CONVERSION = YES_AGGRESSIVE;
				CLANG_CXX_LANGUAGE_STANDARD = "gnu++14";
				CLANG_CXX_LIBRARY = "libc++";
				CLANG_ENABLE_MODULES = YES;
				CLANG_ENABLE_OBJC_ARC = YES;
				CLANG_WARN_BLOCK_CAPTURE_AUTORELEASING = YES;
				CLANG_WARN_BOOL_CONVERSION = YES;
				CLANG_WARN_COMMA = YES;
				CLANG_WARN_CONSTANT_CONVERSION = YES;
				CLANG_WARN_DIRECT_OBJC_ISA_USAGE = YES_ERROR;
				CLANG_WARN_DOCUMENTATION_COMMENTS = YES;
				CLANG_WARN_EMPTY_BODY = YES;
				CLANG_WARN_ENUM_CONVERSION = YES;
				CLANG_WARN_INFINITE_RECURSION = YES;
				CLANG_WARN_INT_CONVERSION = YES;
				CLANG_WARN_NON_LITERAL_NULL_CONVERSION = YES;
				CLANG_WARN_OBJC_LITERAL_CONVERSION = YES;
				CLANG_WARN_OBJC_ROOT_CLASS = YES_ERROR;
				CLANG_WARN_RANGE_LOOP_ANALYSIS = YES;
				CLANG_WARN_STRICT_PROTOTYPES = YES;
				CLANG_WARN_SUSPICIOUS_MOVE = YES;
				CLANG_WARN_UNGUARDED_AVAILABILITY = YES_AGGRESSIVE;
				CLANG_WARN_UNREACHABLE_CODE = YES;
				CLANG_WARN__DUPLICATE_METHOD_MATCH = YES;
				CODE_SIGN_IDENTITY = "iPhone Developer";
				COPY_PHASE_STRIP = NO;
				DEBUG_INFORMATION_FORMAT = "dwarf-with-dsym";
				ENABLE_NS_ASSERTIONS = NO;
				ENABLE_STRICT_OBJC_MSGSEND = YES;
				GCC_C_LANGUAGE_STANDARD = gnu11;
				GCC_NO_COMMON_BLOCKS = YES;
				GCC_WARN_64_TO_32_BIT_CONVERSION = YES;
				GCC_WARN_ABOUT_RETURN_TYPE = YES_ERROR;
				GCC_WARN_UNDECLARED_SELECTOR = YES;
				GCC_WARN_UNINITIALIZED_AUTOS = YES_AGGRESSIVE;
				GCC_WARN_UNUSED_FUNCTION = YES;
				GCC_WARN_UNUSED_VARIABLE = YES;
				IPHONEOS_DEPLOYMENT_TARGET = 11.2;
				MTL_ENABLE_DEBUG_INFO = NO;
				SDKROOT = iphoneos;
				SWIFT_OPTIMIZATION_LEVEL = "-Owholemodule";
				VALIDATE_PRODUCT = YES;
			};
			name = Release;
		};
		07E271D32059B1DE007F0592 /* Debug */ = {
			isa = XCBuildConfiguration;
			baseConfigurationReference = DCD1AF315014461AE53B1BAF /* Pods-HoneyPot.debug.xcconfig */;
			buildSettings = {
				ASSETCATALOG_COMPILER_APPICON_NAME = "AppIcon-1";
				CODE_SIGN_ENTITLEMENTS = HoneyPot/HoneyPot.entitlements;
				CODE_SIGN_STYLE = Automatic;
				DEVELOPMENT_TEAM = W8XH6RU95C;
				INFOPLIST_FILE = HoneyPot/Info.plist;
				LD_RUNPATH_SEARCH_PATHS = "$(inherited) @executable_path/Frameworks";
				PRODUCT_BUNDLE_IDENTIFIER = com.Temple.HoneyPot1;
				PRODUCT_NAME = "$(TARGET_NAME)";
				SWIFT_VERSION = 4.0;
				TARGETED_DEVICE_FAMILY = "1,2";
			};
			name = Debug;
		};
		07E271D42059B1DE007F0592 /* Release */ = {
			isa = XCBuildConfiguration;
			baseConfigurationReference = 32D455F8EBC93C63711E6573 /* Pods-HoneyPot.release.xcconfig */;
			buildSettings = {
				ASSETCATALOG_COMPILER_APPICON_NAME = "AppIcon-1";
				CODE_SIGN_ENTITLEMENTS = HoneyPot/HoneyPot.entitlements;
				CODE_SIGN_STYLE = Automatic;
				DEVELOPMENT_TEAM = W8XH6RU95C;
				INFOPLIST_FILE = HoneyPot/Info.plist;
				LD_RUNPATH_SEARCH_PATHS = "$(inherited) @executable_path/Frameworks";
				PRODUCT_BUNDLE_IDENTIFIER = com.Temple.HoneyPot1;
				PRODUCT_NAME = "$(TARGET_NAME)";
				SWIFT_VERSION = 4.0;
				TARGETED_DEVICE_FAMILY = "1,2";
			};
			name = Release;
		};
		07E4D2742092CA1F00321112 /* Debug */ = {
			isa = XCBuildConfiguration;
			buildSettings = {
				BUNDLE_LOADER = "$(TEST_HOST)";
				CODE_SIGN_STYLE = Automatic;
				DEVELOPMENT_TEAM = W8XH6RU95C;
				INFOPLIST_FILE = HoneyPotTests/Info.plist;
				LD_RUNPATH_SEARCH_PATHS = "$(inherited) @executable_path/Frameworks @loader_path/Frameworks";
				PRODUCT_BUNDLE_IDENTIFIER = "com.-HoneyPot-.Temple.HoneyPotTests";
				PRODUCT_NAME = "$(TARGET_NAME)";
				SWIFT_VERSION = 4.0;
				TARGETED_DEVICE_FAMILY = "1,2";
				TEST_HOST = "$(BUILT_PRODUCTS_DIR)/HoneyPot.app/HoneyPot";
			};
			name = Debug;
		};
		07E4D2752092CA1F00321112 /* Release */ = {
			isa = XCBuildConfiguration;
			buildSettings = {
				BUNDLE_LOADER = "$(TEST_HOST)";
				CODE_SIGN_STYLE = Automatic;
				DEVELOPMENT_TEAM = W8XH6RU95C;
				INFOPLIST_FILE = HoneyPotTests/Info.plist;
				LD_RUNPATH_SEARCH_PATHS = "$(inherited) @executable_path/Frameworks @loader_path/Frameworks";
				PRODUCT_BUNDLE_IDENTIFIER = "com.-HoneyPot-.Temple.HoneyPotTests";
				PRODUCT_NAME = "$(TARGET_NAME)";
				SWIFT_VERSION = 4.0;
				TARGETED_DEVICE_FAMILY = "1,2";
				TEST_HOST = "$(BUILT_PRODUCTS_DIR)/HoneyPot.app/HoneyPot";
			};
			name = Release;
		};
/* End XCBuildConfiguration section */

/* Begin XCConfigurationList section */
		07E271BB2059B1DE007F0592 /* Build configuration list for PBXProject "HoneyPot" */ = {
			isa = XCConfigurationList;
			buildConfigurations = (
				07E271D02059B1DE007F0592 /* Debug */,
				07E271D12059B1DE007F0592 /* Release */,
			);
			defaultConfigurationIsVisible = 0;
			defaultConfigurationName = Release;
		};
		07E271D22059B1DE007F0592 /* Build configuration list for PBXNativeTarget "HoneyPot" */ = {
			isa = XCConfigurationList;
			buildConfigurations = (
				07E271D32059B1DE007F0592 /* Debug */,
				07E271D42059B1DE007F0592 /* Release */,
			);
			defaultConfigurationIsVisible = 0;
			defaultConfigurationName = Release;
		};
		07E4D2732092CA1F00321112 /* Build configuration list for PBXNativeTarget "HoneyPotTests" */ = {
			isa = XCConfigurationList;
			buildConfigurations = (
				07E4D2742092CA1F00321112 /* Debug */,
				07E4D2752092CA1F00321112 /* Release */,
			);
			defaultConfigurationIsVisible = 0;
			defaultConfigurationName = Release;
		};
/* End XCConfigurationList section */
	};
	rootObject = 07E271B82059B1DE007F0592 /* Project object */;
}
