// !$*UTF8*$!
{
	archiveVersion = 1;
	classes = {
	};
	objectVersion = 48;
	objects = {

/* Begin PBXBuildFile section */
		0763FECB205C30AC00A0EF72 /* Extensions.swift in Sources */ = {isa = PBXBuildFile; fileRef = 0763FECA205C30AC00A0EF72 /* Extensions.swift */; };
		0763FECD205C30D500A0EF72 /* Storage.swift in Sources */ = {isa = PBXBuildFile; fileRef = 0763FECC205C30D500A0EF72 /* Storage.swift */; };
		0763FECF205C311C00A0EF72 /* NSLayoutConstraint.swift in Sources */ = {isa = PBXBuildFile; fileRef = 0763FECE205C311C00A0EF72 /* NSLayoutConstraint.swift */; };
		0763FED2205C326600A0EF72 /* AuthService.swift in Sources */ = {isa = PBXBuildFile; fileRef = 0763FED1205C326600A0EF72 /* AuthService.swift */; };
		07D265AF2059B7730064D652 /* GoogleService-Info.plist in Resources */ = {isa = PBXBuildFile; fileRef = 07D265AE2059B7730064D652 /* GoogleService-Info.plist */; };
		07E271C42059B1DE007F0592 /* AppDelegate.swift in Sources */ = {isa = PBXBuildFile; fileRef = 07E271C32059B1DE007F0592 /* AppDelegate.swift */; };
		07E271C62059B1DE007F0592 /* LoginViewController.swift in Sources */ = {isa = PBXBuildFile; fileRef = 07E271C52059B1DE007F0592 /* LoginViewController.swift */; };
		07E271CB2059B1DE007F0592 /* Assets.xcassets in Resources */ = {isa = PBXBuildFile; fileRef = 07E271CA2059B1DE007F0592 /* Assets.xcassets */; };
		07E271CE2059B1DE007F0592 /* LaunchScreen.storyboard in Resources */ = {isa = PBXBuildFile; fileRef = 07E271CC2059B1DE007F0592 /* LaunchScreen.storyboard */; };
		2A17A85BD9F0D6B9ED0E9F86 /* Pods_HoneyPot.framework in Frameworks */ = {isa = PBXBuildFile; fileRef = 6D749DF1877AED69B3C2FBF7 /* Pods_HoneyPot.framework */; };
/* End PBXBuildFile section */

/* Begin PBXFileReference section */
		0763FECA205C30AC00A0EF72 /* Extensions.swift */ = {isa = PBXFileReference; lastKnownFileType = sourcecode.swift; path = Extensions.swift; sourceTree = "<group>"; };
		0763FECC205C30D500A0EF72 /* Storage.swift */ = {isa = PBXFileReference; lastKnownFileType = sourcecode.swift; path = Storage.swift; sourceTree = "<group>"; };
		0763FECE205C311C00A0EF72 /* NSLayoutConstraint.swift */ = {isa = PBXFileReference; lastKnownFileType = sourcecode.swift; path = NSLayoutConstraint.swift; sourceTree = "<group>"; };
		0763FED1205C326600A0EF72 /* AuthService.swift */ = {isa = PBXFileReference; lastKnownFileType = sourcecode.swift; path = AuthService.swift; sourceTree = "<group>"; };
		07D265AE2059B7730064D652 /* GoogleService-Info.plist */ = {isa = PBXFileReference; fileEncoding = 4; lastKnownFileType = text.plist.xml; path = "GoogleService-Info.plist"; sourceTree = "<group>"; };
		07E271C02059B1DE007F0592 /* HoneyPot.app */ = {isa = PBXFileReference; explicitFileType = wrapper.application; includeInIndex = 0; path = HoneyPot.app; sourceTree = BUILT_PRODUCTS_DIR; };
		07E271C32059B1DE007F0592 /* AppDelegate.swift */ = {isa = PBXFileReference; lastKnownFileType = sourcecode.swift; path = AppDelegate.swift; sourceTree = "<group>"; };
		07E271C52059B1DE007F0592 /* LoginViewController.swift */ = {isa = PBXFileReference; lastKnownFileType = sourcecode.swift; path = LoginViewController.swift; sourceTree = "<group>"; };
		07E271CA2059B1DE007F0592 /* Assets.xcassets */ = {isa = PBXFileReference; lastKnownFileType = folder.assetcatalog; path = Assets.xcassets; sourceTree = "<group>"; };
		07E271CD2059B1DE007F0592 /* Base */ = {isa = PBXFileReference; lastKnownFileType = file.storyboard; name = Base; path = Base.lproj/LaunchScreen.storyboard; sourceTree = "<group>"; };
		07E271CF2059B1DE007F0592 /* Info.plist */ = {isa = PBXFileReference; lastKnownFileType = text.plist.xml; path = Info.plist; sourceTree = "<group>"; };
		32D455F8EBC93C63711E6573 /* Pods-HoneyPot.release.xcconfig */ = {isa = PBXFileReference; includeInIndex = 1; lastKnownFileType = text.xcconfig; name = "Pods-HoneyPot.release.xcconfig"; path = "Pods/Target Support Files/Pods-HoneyPot/Pods-HoneyPot.release.xcconfig"; sourceTree = "<group>"; };
		6D749DF1877AED69B3C2FBF7 /* Pods_HoneyPot.framework */ = {isa = PBXFileReference; explicitFileType = wrapper.framework; includeInIndex = 0; path = Pods_HoneyPot.framework; sourceTree = BUILT_PRODUCTS_DIR; };
		DCD1AF315014461AE53B1BAF /* Pods-HoneyPot.debug.xcconfig */ = {isa = PBXFileReference; includeInIndex = 1; lastKnownFileType = text.xcconfig; name = "Pods-HoneyPot.debug.xcconfig"; path = "Pods/Target Support Files/Pods-HoneyPot/Pods-HoneyPot.debug.xcconfig"; sourceTree = "<group>"; };
/* End PBXFileReference section */

/* Begin PBXFrameworksBuildPhase section */
		07E271BD2059B1DE007F0592 /* Frameworks */ = {
			isa = PBXFrameworksBuildPhase;
			buildActionMask = 2147483647;
			files = (
				2A17A85BD9F0D6B9ED0E9F86 /* Pods_HoneyPot.framework in Frameworks */,
			);
			runOnlyForDeploymentPostprocessing = 0;
		};
/* End PBXFrameworksBuildPhase section */

/* Begin PBXGroup section */
		0187CB5FDAC820D5309FBA2F /* Frameworks */ = {
			isa = PBXGroup;
			children = (
				6D749DF1877AED69B3C2FBF7 /* Pods_HoneyPot.framework */,
			);
			name = Frameworks;
			sourceTree = "<group>";
		};
		0763FEC9205C307A00A0EF72 /* Extensions */ = {
			isa = PBXGroup;
			children = (
				0763FECA205C30AC00A0EF72 /* Extensions.swift */,
				0763FECC205C30D500A0EF72 /* Storage.swift */,
				0763FECE205C311C00A0EF72 /* NSLayoutConstraint.swift */,
			);
			path = Extensions;
			sourceTree = "<group>";
		};
		0763FED0205C323500A0EF72 /* Services */ = {
			isa = PBXGroup;
			children = (
				0763FED1205C326600A0EF72 /* AuthService.swift */,
			);
			path = Services;
			sourceTree = "<group>";
		};
		07E271B72059B1DE007F0592 = {
			isa = PBXGroup;
			children = (
				07E271C22059B1DE007F0592 /* HoneyPot */,
				07E271C12059B1DE007F0592 /* Products */,
				9B477D5C820A2DE0A99A95D9 /* Pods */,
				0187CB5FDAC820D5309FBA2F /* Frameworks */,
			);
			sourceTree = "<group>";
		};
		07E271C12059B1DE007F0592 /* Products */ = {
			isa = PBXGroup;
			children = (
				07E271C02059B1DE007F0592 /* HoneyPot.app */,
			);
			name = Products;
			sourceTree = "<group>";
		};
		07E271C22059B1DE007F0592 /* HoneyPot */ = {
			isa = PBXGroup;
			children = (
				0763FED0205C323500A0EF72 /* Services */,
				0763FEC9205C307A00A0EF72 /* Extensions */,
				07E271C32059B1DE007F0592 /* AppDelegate.swift */,
				07E271C52059B1DE007F0592 /* LoginViewController.swift */,
				07E271CA2059B1DE007F0592 /* Assets.xcassets */,
				07E271CC2059B1DE007F0592 /* LaunchScreen.storyboard */,
				07E271CF2059B1DE007F0592 /* Info.plist */,
				07D265AE2059B7730064D652 /* GoogleService-Info.plist */,
			);
			path = HoneyPot;
			sourceTree = "<group>";
		};
		9B477D5C820A2DE0A99A95D9 /* Pods */ = {
			isa = PBXGroup;
			children = (
				DCD1AF315014461AE53B1BAF /* Pods-HoneyPot.debug.xcconfig */,
				32D455F8EBC93C63711E6573 /* Pods-HoneyPot.release.xcconfig */,
			);
			name = Pods;
			sourceTree = "<group>";
		};
/* End PBXGroup section */

/* Begin PBXNativeTarget section */
		07E271BF2059B1DE007F0592 /* HoneyPot */ = {
			isa = PBXNativeTarget;
			buildConfigurationList = 07E271D22059B1DE007F0592 /* Build configuration list for PBXNativeTarget "HoneyPot" */;
			buildPhases = (
				DC4A6A24F9AC8A3F6120F3FE /* [CP] Check Pods Manifest.lock */,
				07E271BC2059B1DE007F0592 /* Sources */,
				07E271BD2059B1DE007F0592 /* Frameworks */,
				07E271BE2059B1DE007F0592 /* Resources */,
				39FFD42685ED9E937334F20C /* [CP] Embed Pods Frameworks */,
				AB8D6DC20701CE90CCC6027C /* [CP] Copy Pods Resources */,
			);
			buildRules = (
			);
			dependencies = (
			);
			name = HoneyPot;
			productName = HoneyPot;
			productReference = 07E271C02059B1DE007F0592 /* HoneyPot.app */;
			productType = "com.apple.product-type.application";
		};
/* End PBXNativeTarget section */

/* Begin PBXProject section */
		07E271B82059B1DE007F0592 /* Project object */ = {
			isa = PBXProject;
			attributes = {
				LastSwiftUpdateCheck = 0920;
				LastUpgradeCheck = 0920;
				ORGANIZATIONNAME = HoneyPot;
				TargetAttributes = {
					07E271BF2059B1DE007F0592 = {
						CreatedOnToolsVersion = 9.2;
						ProvisioningStyle = Automatic;
					};
				};
			};
			buildConfigurationList = 07E271BB2059B1DE007F0592 /* Build configuration list for PBXProject "HoneyPot" */;
			compatibilityVersion = "Xcode 8.0";
			developmentRegion = en;
			hasScannedForEncodings = 0;
			knownRegions = (
				en,
				Base,
			);
			mainGroup = 07E271B72059B1DE007F0592;
			productRefGroup = 07E271C12059B1DE007F0592 /* Products */;
			projectDirPath = "";
			projectRoot = "";
			targets = (
				07E271BF2059B1DE007F0592 /* HoneyPot */,
			);
		};
/* End PBXProject section */

/* Begin PBXResourcesBuildPhase section */
		07E271BE2059B1DE007F0592 /* Resources */ = {
			isa = PBXResourcesBuildPhase;
			buildActionMask = 2147483647;
			files = (
				07E271CE2059B1DE007F0592 /* LaunchScreen.storyboard in Resources */,
				07E271CB2059B1DE007F0592 /* Assets.xcassets in Resources */,
				07D265AF2059B7730064D652 /* GoogleService-Info.plist in Resources */,
			);
			runOnlyForDeploymentPostprocessing = 0;
		};
/* End PBXResourcesBuildPhase section */

/* Begin PBXShellScriptBuildPhase section */
		39FFD42685ED9E937334F20C /* [CP] Embed Pods Frameworks */ = {
			isa = PBXShellScriptBuildPhase;
			buildActionMask = 2147483647;
			files = (
			);
			inputPaths = (
				"${SRCROOT}/Pods/Target Support Files/Pods-HoneyPot/Pods-HoneyPot-frameworks.sh",
				"${BUILT_PRODUCTS_DIR}/Alamofire/Alamofire.framework",
				"${BUILT_PRODUCTS_DIR}/AlamofireImage/AlamofireImage.framework",
				"${BUILT_PRODUCTS_DIR}/AlamofireNetworkActivityIndicator/AlamofireNetworkActivityIndicator.framework",
				"${BUILT_PRODUCTS_DIR}/GTMSessionFetcher/GTMSessionFetcher.framework",
				"${BUILT_PRODUCTS_DIR}/GoogleToolboxForMac/GoogleToolboxForMac.framework",
				"${BUILT_PRODUCTS_DIR}/Protobuf/Protobuf.framework",
				"${BUILT_PRODUCTS_DIR}/SVProgressHUD/SVProgressHUD.framework",
				"${BUILT_PRODUCTS_DIR}/SnapKit/SnapKit.framework",
				"${BUILT_PRODUCTS_DIR}/SwiftyJSON/SwiftyJSON.framework",
				"${BUILT_PRODUCTS_DIR}/TextFieldEffects/TextFieldEffects.framework",
				"${BUILT_PRODUCTS_DIR}/leveldb-library/leveldb.framework",
				"${BUILT_PRODUCTS_DIR}/nanopb/nanopb.framework",
			);
			name = "[CP] Embed Pods Frameworks";
			outputPaths = (
				"${TARGET_BUILD_DIR}/${FRAMEWORKS_FOLDER_PATH}/Alamofire.framework",
				"${TARGET_BUILD_DIR}/${FRAMEWORKS_FOLDER_PATH}/AlamofireImage.framework",
				"${TARGET_BUILD_DIR}/${FRAMEWORKS_FOLDER_PATH}/AlamofireNetworkActivityIndicator.framework",
				"${TARGET_BUILD_DIR}/${FRAMEWORKS_FOLDER_PATH}/GTMSessionFetcher.framework",
				"${TARGET_BUILD_DIR}/${FRAMEWORKS_FOLDER_PATH}/GoogleToolboxForMac.framework",
				"${TARGET_BUILD_DIR}/${FRAMEWORKS_FOLDER_PATH}/Protobuf.framework",
				"${TARGET_BUILD_DIR}/${FRAMEWORKS_FOLDER_PATH}/SVProgressHUD.framework",
				"${TARGET_BUILD_DIR}/${FRAMEWORKS_FOLDER_PATH}/SnapKit.framework",
				"${TARGET_BUILD_DIR}/${FRAMEWORKS_FOLDER_PATH}/SwiftyJSON.framework",
				"${TARGET_BUILD_DIR}/${FRAMEWORKS_FOLDER_PATH}/TextFieldEffects.framework",
				"${TARGET_BUILD_DIR}/${FRAMEWORKS_FOLDER_PATH}/leveldb.framework",
				"${TARGET_BUILD_DIR}/${FRAMEWORKS_FOLDER_PATH}/nanopb.framework",
			);
			runOnlyForDeploymentPostprocessing = 0;
			shellPath = /bin/sh;
			shellScript = "\"${SRCROOT}/Pods/Target Support Files/Pods-HoneyPot/Pods-HoneyPot-frameworks.sh\"\n";
			showEnvVarsInLog = 0;
		};
		AB8D6DC20701CE90CCC6027C /* [CP] Copy Pods Resources */ = {
			isa = PBXShellScriptBuildPhase;
			buildActionMask = 2147483647;
			files = (
			);
			inputPaths = (
			);
			name = "[CP] Copy Pods Resources";
			outputPaths = (
			);
			runOnlyForDeploymentPostprocessing = 0;
			shellPath = /bin/sh;
			shellScript = "\"${SRCROOT}/Pods/Target Support Files/Pods-HoneyPot/Pods-HoneyPot-resources.sh\"\n";
			showEnvVarsInLog = 0;
		};
		DC4A6A24F9AC8A3F6120F3FE /* [CP] Check Pods Manifest.lock */ = {
			isa = PBXShellScriptBuildPhase;
			buildActionMask = 2147483647;
			files = (
			);
			inputPaths = (
				"${PODS_PODFILE_DIR_PATH}/Podfile.lock",
				"${PODS_ROOT}/Manifest.lock",
			);
			name = "[CP] Check Pods Manifest.lock";
			outputPaths = (
				"$(DERIVED_FILE_DIR)/Pods-HoneyPot-checkManifestLockResult.txt",
			);
			runOnlyForDeploymentPostprocessing = 0;
			shellPath = /bin/sh;
			shellScript = "diff \"${PODS_PODFILE_DIR_PATH}/Podfile.lock\" \"${PODS_ROOT}/Manifest.lock\" > /dev/null\nif [ $? != 0 ] ; then\n    # print error to STDERR\n    echo \"error: The sandbox is not in sync with the Podfile.lock. Run 'pod install' or update your CocoaPods installation.\" >&2\n    exit 1\nfi\n# This output is used by Xcode 'outputs' to avoid re-running this script phase.\necho \"SUCCESS\" > \"${SCRIPT_OUTPUT_FILE_0}\"\n";
			showEnvVarsInLog = 0;
		};
/* End PBXShellScriptBuildPhase section */

/* Begin PBXSourcesBuildPhase section */
		07E271BC2059B1DE007F0592 /* Sources */ = {
			isa = PBXSourcesBuildPhase;
			buildActionMask = 2147483647;
			files = (
				07E271C62059B1DE007F0592 /* LoginViewController.swift in Sources */,
				0763FECD205C30D500A0EF72 /* Storage.swift in Sources */,
				0763FECB205C30AC00A0EF72 /* Extensions.swift in Sources */,
				0763FED2205C326600A0EF72 /* AuthService.swift in Sources */,
				07E271C42059B1DE007F0592 /* AppDelegate.swift in Sources */,
				0763FECF205C311C00A0EF72 /* NSLayoutConstraint.swift in Sources */,
			);
			runOnlyForDeploymentPostprocessing = 0;
		};
/* End PBXSourcesBuildPhase section */

/* Begin PBXVariantGroup section */
		07E271CC2059B1DE007F0592 /* LaunchScreen.storyboard */ = {
			isa = PBXVariantGroup;
			children = (
				07E271CD2059B1DE007F0592 /* Base */,
			);
			name = LaunchScreen.storyboard;
			sourceTree = "<group>";
		};
/* End PBXVariantGroup section */

/* Begin XCBuildConfiguration section */
		07E271D02059B1DE007F0592 /* Debug */ = {
			isa = XCBuildConfiguration;
			buildSettings = {
				ALWAYS_SEARCH_USER_PATHS = NO;
				CLANG_ANALYZER_NONNULL = YES;
				CLANG_ANALYZER_NUMBER_OBJECT_CONVERSION = YES_AGGRESSIVE;
				CLANG_CXX_LANGUAGE_STANDARD = "gnu++14";
				CLANG_CXX_LIBRARY = "libc++";
				CLANG_ENABLE_MODULES = YES;
				CLANG_ENABLE_OBJC_ARC = YES;
				CLANG_WARN_BLOCK_CAPTURE_AUTORELEASING = YES;
				CLANG_WARN_BOOL_CONVERSION = YES;
				CLANG_WARN_COMMA = YES;
				CLANG_WARN_CONSTANT_CONVERSION = YES;
				CLANG_WARN_DIRECT_OBJC_ISA_USAGE = YES_ERROR;
				CLANG_WARN_DOCUMENTATION_COMMENTS = YES;
				CLANG_WARN_EMPTY_BODY = YES;
				CLANG_WARN_ENUM_CONVERSION = YES;
				CLANG_WARN_INFINITE_RECURSION = YES;
				CLANG_WARN_INT_CONVERSION = YES;
				CLANG_WARN_NON_LITERAL_NULL_CONVERSION = YES;
				CLANG_WARN_OBJC_LITERAL_CONVERSION = YES;
				CLANG_WARN_OBJC_ROOT_CLASS = YES_ERROR;
				CLANG_WARN_RANGE_LOOP_ANALYSIS = YES;
				CLANG_WARN_STRICT_PROTOTYPES = YES;
				CLANG_WARN_SUSPICIOUS_MOVE = YES;
				CLANG_WARN_UNGUARDED_AVAILABILITY = YES_AGGRESSIVE;
				CLANG_WARN_UNREACHABLE_CODE = YES;
				CLANG_WARN__DUPLICATE_METHOD_MATCH = YES;
				CODE_SIGN_IDENTITY = "iPhone Developer";
				COPY_PHASE_STRIP = NO;
				DEBUG_INFORMATION_FORMAT = dwarf;
				ENABLE_STRICT_OBJC_MSGSEND = YES;
				ENABLE_TESTABILITY = YES;
				GCC_C_LANGUAGE_STANDARD = gnu11;
				GCC_DYNAMIC_NO_PIC = NO;
				GCC_NO_COMMON_BLOCKS = YES;
				GCC_OPTIMIZATION_LEVEL = 0;
				GCC_PREPROCESSOR_DEFINITIONS = (
					"DEBUG=1",
					"$(inherited)",
				);
				GCC_WARN_64_TO_32_BIT_CONVERSION = YES;
				GCC_WARN_ABOUT_RETURN_TYPE = YES_ERROR;
				GCC_WARN_UNDECLARED_SELECTOR = YES;
				GCC_WARN_UNINITIALIZED_AUTOS = YES_AGGRESSIVE;
				GCC_WARN_UNUSED_FUNCTION = YES;
				GCC_WARN_UNUSED_VARIABLE = YES;
				IPHONEOS_DEPLOYMENT_TARGET = 11.2;
				MTL_ENABLE_DEBUG_INFO = YES;
				ONLY_ACTIVE_ARCH = YES;
				SDKROOT = iphoneos;
				SWIFT_ACTIVE_COMPILATION_CONDITIONS = DEBUG;
				SWIFT_OPTIMIZATION_LEVEL = "-Onone";
			};
			name = Debug;
		};
		07E271D12059B1DE007F0592 /* Release */ = {
			isa = XCBuildConfiguration;
			buildSettings = {
				ALWAYS_SEARCH_USER_PATHS = NO;
				CLANG_ANALYZER_NONNULL = YES;
				CLANG_ANALYZER_NUMBER_OBJECT_CONVERSION = YES_AGGRESSIVE;
				CLANG_CXX_LANGUAGE_STANDARD = "gnu++14";
				CLANG_CXX_LIBRARY = "libc++";
				CLANG_ENABLE_MODULES = YES;
				CLANG_ENABLE_OBJC_ARC = YES;
				CLANG_WARN_BLOCK_CAPTURE_AUTORELEASING = YES;
				CLANG_WARN_BOOL_CONVERSION = YES;
				CLANG_WARN_COMMA = YES;
				CLANG_WARN_CONSTANT_CONVERSION = YES;
				CLANG_WARN_DIRECT_OBJC_ISA_USAGE = YES_ERROR;
				CLANG_WARN_DOCUMENTATION_COMMENTS = YES;
				CLANG_WARN_EMPTY_BODY = YES;
				CLANG_WARN_ENUM_CONVERSION = YES;
				CLANG_WARN_INFINITE_RECURSION = YES;
				CLANG_WARN_INT_CONVERSION = YES;
				CLANG_WARN_NON_LITERAL_NULL_CONVERSION = YES;
				CLANG_WARN_OBJC_LITERAL_CONVERSION = YES;
				CLANG_WARN_OBJC_ROOT_CLASS = YES_ERROR;
				CLANG_WARN_RANGE_LOOP_ANALYSIS = YES;
				CLANG_WARN_STRICT_PROTOTYPES = YES;
				CLANG_WARN_SUSPICIOUS_MOVE = YES;
				CLANG_WARN_UNGUARDED_AVAILABILITY = YES_AGGRESSIVE;
				CLANG_WARN_UNREACHABLE_CODE = YES;
				CLANG_WARN__DUPLICATE_METHOD_MATCH = YES;
				CODE_SIGN_IDENTITY = "iPhone Developer";
				COPY_PHASE_STRIP = NO;
				DEBUG_INFORMATION_FORMAT = "dwarf-with-dsym";
				ENABLE_NS_ASSERTIONS = NO;
				ENABLE_STRICT_OBJC_MSGSEND = YES;
				GCC_C_LANGUAGE_STANDARD = gnu11;
				GCC_NO_COMMON_BLOCKS = YES;
				GCC_WARN_64_TO_32_BIT_CONVERSION = YES;
				GCC_WARN_ABOUT_RETURN_TYPE = YES_ERROR;
				GCC_WARN_UNDECLARED_SELECTOR = YES;
				GCC_WARN_UNINITIALIZED_AUTOS = YES_AGGRESSIVE;
				GCC_WARN_UNUSED_FUNCTION = YES;
				GCC_WARN_UNUSED_VARIABLE = YES;
				IPHONEOS_DEPLOYMENT_TARGET = 11.2;
				MTL_ENABLE_DEBUG_INFO = NO;
				SDKROOT = iphoneos;
				SWIFT_OPTIMIZATION_LEVEL = "-Owholemodule";
				VALIDATE_PRODUCT = YES;
			};
			name = Release;
		};
		07E271D32059B1DE007F0592 /* Debug */ = {
			isa = XCBuildConfiguration;
			baseConfigurationReference = DCD1AF315014461AE53B1BAF /* Pods-HoneyPot.debug.xcconfig */;
			buildSettings = {
				ASSETCATALOG_COMPILER_APPICON_NAME = AppIcon;
				CODE_SIGN_STYLE = Automatic;
				DEVELOPMENT_TEAM = W8XH6RU95C;
				INFOPLIST_FILE = HoneyPot/Info.plist;
				LD_RUNPATH_SEARCH_PATHS = "$(inherited) @executable_path/Frameworks";
				PRODUCT_BUNDLE_IDENTIFIER = com.Temple.HoneyPot;
				PRODUCT_NAME = "$(TARGET_NAME)";
				SWIFT_VERSION = 4.0;
				TARGETED_DEVICE_FAMILY = "1,2";
			};
			name = Debug;
		};
		07E271D42059B1DE007F0592 /* Release */ = {
			isa = XCBuildConfiguration;
			baseConfigurationReference = 32D455F8EBC93C63711E6573 /* Pods-HoneyPot.release.xcconfig */;
			buildSettings = {
				ASSETCATALOG_COMPILER_APPICON_NAME = AppIcon;
				CODE_SIGN_STYLE = Automatic;
				DEVELOPMENT_TEAM = W8XH6RU95C;
				INFOPLIST_FILE = HoneyPot/Info.plist;
				LD_RUNPATH_SEARCH_PATHS = "$(inherited) @executable_path/Frameworks";
				PRODUCT_BUNDLE_IDENTIFIER = com.Temple.HoneyPot;
				PRODUCT_NAME = "$(TARGET_NAME)";
				SWIFT_VERSION = 4.0;
				TARGETED_DEVICE_FAMILY = "1,2";
			};
			name = Release;
		};
/* End XCBuildConfiguration section */

/* Begin XCConfigurationList section */
		07E271BB2059B1DE007F0592 /* Build configuration list for PBXProject "HoneyPot" */ = {
			isa = XCConfigurationList;
			buildConfigurations = (
				07E271D02059B1DE007F0592 /* Debug */,
				07E271D12059B1DE007F0592 /* Release */,
			);
			defaultConfigurationIsVisible = 0;
			defaultConfigurationName = Release;
		};
		07E271D22059B1DE007F0592 /* Build configuration list for PBXNativeTarget "HoneyPot" */ = {
			isa = XCConfigurationList;
			buildConfigurations = (
				07E271D32059B1DE007F0592 /* Debug */,
				07E271D42059B1DE007F0592 /* Release */,
			);
			defaultConfigurationIsVisible = 0;
			defaultConfigurationName = Release;
		};
/* End XCConfigurationList section */
	};
	rootObject = 07E271B82059B1DE007F0592 /* Project object */;
}
